// !$*UTF8*$!
{
	archiveVersion = 1;
	classes = {
	};
	objectVersion = 46;
	objects = {

/* Begin PBXBuildFile section */
		243D63291AB63786007E45CC /* AppDelegate.swift in Sources */ = {isa = PBXBuildFile; fileRef = 243D63281AB63786007E45CC /* AppDelegate.swift */; };
		243D632B1AB63786007E45CC /* RecordSoundsViewController.swift in Sources */ = {isa = PBXBuildFile; fileRef = 243D632A1AB63786007E45CC /* RecordSoundsViewController.swift */; };
		243D632E1AB63787007E45CC /* Main.storyboard in Resources */ = {isa = PBXBuildFile; fileRef = 243D632C1AB63787007E45CC /* Main.storyboard */; };
		243D63301AB63787007E45CC /* Images.xcassets in Resources */ = {isa = PBXBuildFile; fileRef = 243D632F1AB63787007E45CC /* Images.xcassets */; };
		243D63331AB63787007E45CC /* LaunchScreen.xib in Resources */ = {isa = PBXBuildFile; fileRef = 243D63311AB63787007E45CC /* LaunchScreen.xib */; };
		243D633F1AB63787007E45CC /* Pitch_PerfectTests.swift in Sources */ = {isa = PBXBuildFile; fileRef = 243D633E1AB63787007E45CC /* Pitch_PerfectTests.swift */; };
		243D63491AB63837007E45CC /* movie_quote.mp3 in Resources */ = {isa = PBXBuildFile; fileRef = 243D63481AB63837007E45CC /* movie_quote.mp3 */; };
		243D634B1AB646E1007E45CC /* PlaySoundsViewController.swift in Sources */ = {isa = PBXBuildFile; fileRef = 243D634A1AB646E1007E45CC /* PlaySoundsViewController.swift */; };
		243D634D1AB65C1D007E45CC /* RecordedAudio.swift in Sources */ = {isa = PBXBuildFile; fileRef = 243D634C1AB65C1D007E45CC /* RecordedAudio.swift */; };
/* End PBXBuildFile section */

/* Begin PBXContainerItemProxy section */
		243D63391AB63787007E45CC /* PBXContainerItemProxy */ = {
			isa = PBXContainerItemProxy;
			containerPortal = 243D631B1AB63786007E45CC /* Project object */;
			proxyType = 1;
			remoteGlobalIDString = 243D63221AB63786007E45CC;
			remoteInfo = "Pitch Perfect";
		};
/* End PBXContainerItemProxy section */

/* Begin PBXFileReference section */
		243D63231AB63786007E45CC /* Pitch Perfect.app */ = {isa = PBXFileReference; explicitFileType = wrapper.application; includeInIndex = 0; path = "Pitch Perfect.app"; sourceTree = BUILT_PRODUCTS_DIR; };
		243D63271AB63786007E45CC /* Info.plist */ = {isa = PBXFileReference; lastKnownFileType = text.plist.xml; path = Info.plist; sourceTree = "<group>"; };
		243D63281AB63786007E45CC /* AppDelegate.swift */ = {isa = PBXFileReference; lastKnownFileType = sourcecode.swift; path = AppDelegate.swift; sourceTree = "<group>"; };
		243D632A1AB63786007E45CC /* RecordSoundsViewController.swift */ = {isa = PBXFileReference; lastKnownFileType = sourcecode.swift; path = RecordSoundsViewController.swift; sourceTree = "<group>"; };
		243D632D1AB63787007E45CC /* Base */ = {isa = PBXFileReference; lastKnownFileType = file.storyboard; name = Base; path = Base.lproj/Main.storyboard; sourceTree = "<group>"; };
		243D632F1AB63787007E45CC /* Images.xcassets */ = {isa = PBXFileReference; lastKnownFileType = folder.assetcatalog; path = Images.xcassets; sourceTree = "<group>"; };
		243D63321AB63787007E45CC /* Base */ = {isa = PBXFileReference; lastKnownFileType = file.xib; name = Base; path = Base.lproj/LaunchScreen.xib; sourceTree = "<group>"; };
		243D63381AB63787007E45CC /* Pitch PerfectTests.xctest */ = {isa = PBXFileReference; explicitFileType = wrapper.cfbundle; includeInIndex = 0; path = "Pitch PerfectTests.xctest"; sourceTree = BUILT_PRODUCTS_DIR; };
		243D633D1AB63787007E45CC /* Info.plist */ = {isa = PBXFileReference; lastKnownFileType = text.plist.xml; path = Info.plist; sourceTree = "<group>"; };
		243D633E1AB63787007E45CC /* Pitch_PerfectTests.swift */ = {isa = PBXFileReference; lastKnownFileType = sourcecode.swift; path = Pitch_PerfectTests.swift; sourceTree = "<group>"; };
		243D63481AB63837007E45CC /* movie_quote.mp3 */ = {isa = PBXFileReference; lastKnownFileType = audio.mp3; path = movie_quote.mp3; sourceTree = "<group>"; };
		243D634A1AB646E1007E45CC /* PlaySoundsViewController.swift */ = {isa = PBXFileReference; fileEncoding = 4; lastKnownFileType = sourcecode.swift; name = PlaySoundsViewController.swift; path = ../PlaySoundsViewController.swift; sourceTree = "<group>"; };
		243D634C1AB65C1D007E45CC /* RecordedAudio.swift */ = {isa = PBXFileReference; fileEncoding = 4; lastKnownFileType = sourcecode.swift; path = RecordedAudio.swift; sourceTree = "<group>"; };
/* End PBXFileReference section */

/* Begin PBXFrameworksBuildPhase section */
		243D63201AB63786007E45CC /* Frameworks */ = {
			isa = PBXFrameworksBuildPhase;
			buildActionMask = 2147483647;
			files = (
			);
			runOnlyForDeploymentPostprocessing = 0;
		};
		243D63351AB63787007E45CC /* Frameworks */ = {
			isa = PBXFrameworksBuildPhase;
			buildActionMask = 2147483647;
			files = (
			);
			runOnlyForDeploymentPostprocessing = 0;
		};
/* End PBXFrameworksBuildPhase section */

/* Begin PBXGroup section */
		243D631A1AB63786007E45CC = {
			isa = PBXGroup;
			children = (
				243D63251AB63786007E45CC /* Pitch Perfect */,
				243D633B1AB63787007E45CC /* Pitch PerfectTests */,
				243D63241AB63786007E45CC /* Products */,
			);
			sourceTree = "<group>";
		};
		243D63241AB63786007E45CC /* Products */ = {
			isa = PBXGroup;
			children = (
				243D63231AB63786007E45CC /* Pitch Perfect.app */,
				243D63381AB63787007E45CC /* Pitch PerfectTests.xctest */,
			);
			name = Products;
			sourceTree = "<group>";
		};
		243D63251AB63786007E45CC /* Pitch Perfect */ = {
			isa = PBXGroup;
			children = (
				243D634A1AB646E1007E45CC /* PlaySoundsViewController.swift */,
				243D63281AB63786007E45CC /* AppDelegate.swift */,
				243D632A1AB63786007E45CC /* RecordSoundsViewController.swift */,
				243D634C1AB65C1D007E45CC /* RecordedAudio.swift */,
				243D632C1AB63787007E45CC /* Main.storyboard */,
				243D632F1AB63787007E45CC /* Images.xcassets */,
				243D63311AB63787007E45CC /* LaunchScreen.xib */,
				243D63261AB63786007E45CC /* Supporting Files */,
			);
			path = "Pitch Perfect";
			sourceTree = "<group>";
		};
		243D63261AB63786007E45CC /* Supporting Files */ = {
			isa = PBXGroup;
			children = (
				243D63481AB63837007E45CC /* movie_quote.mp3 */,
				243D63271AB63786007E45CC /* Info.plist */,
			);
			name = "Supporting Files";
			sourceTree = "<group>";
		};
		243D633B1AB63787007E45CC /* Pitch PerfectTests */ = {
			isa = PBXGroup;
			children = (
				243D633E1AB63787007E45CC /* Pitch_PerfectTests.swift */,
				243D633C1AB63787007E45CC /* Supporting Files */,
			);
			path = "Pitch PerfectTests";
			sourceTree = "<group>";
		};
		243D633C1AB63787007E45CC /* Supporting Files */ = {
			isa = PBXGroup;
			children = (
				243D633D1AB63787007E45CC /* Info.plist */,
			);
			name = "Supporting Files";
			sourceTree = "<group>";
		};
/* End PBXGroup section */

/* Begin PBXNativeTarget section */
		243D63221AB63786007E45CC /* Pitch Perfect */ = {
			isa = PBXNativeTarget;
			buildConfigurationList = 243D63421AB63787007E45CC /* Build configuration list for PBXNativeTarget "Pitch Perfect" */;
			buildPhases = (
				243D631F1AB63786007E45CC /* Sources */,
				243D63201AB63786007E45CC /* Frameworks */,
				243D63211AB63786007E45CC /* Resources */,
			);
			buildRules = (
			);
			dependencies = (
			);
			name = "Pitch Perfect";
			productName = "Pitch Perfect";
			productReference = 243D63231AB63786007E45CC /* Pitch Perfect.app */;
			productType = "com.apple.product-type.application";
		};
		243D63371AB63787007E45CC /* Pitch PerfectTests */ = {
			isa = PBXNativeTarget;
			buildConfigurationList = 243D63451AB63787007E45CC /* Build configuration list for PBXNativeTarget "Pitch PerfectTests" */;
			buildPhases = (
				243D63341AB63787007E45CC /* Sources */,
				243D63351AB63787007E45CC /* Frameworks */,
				243D63361AB63787007E45CC /* Resources */,
			);
			buildRules = (
			);
			dependencies = (
				243D633A1AB63787007E45CC /* PBXTargetDependency */,
			);
			name = "Pitch PerfectTests";
			productName = "Pitch PerfectTests";
			productReference = 243D63381AB63787007E45CC /* Pitch PerfectTests.xctest */;
			productType = "com.apple.product-type.bundle.unit-test";
		};
/* End PBXNativeTarget section */

/* Begin PBXProject section */
		243D631B1AB63786007E45CC /* Project object */ = {
			isa = PBXProject;
			attributes = {
				LastUpgradeCheck = 0610;
				ORGANIZATIONNAME = "Meena LLC";
				TargetAttributes = {
					243D63221AB63786007E45CC = {
						CreatedOnToolsVersion = 6.1.1;
					};
					243D63371AB63787007E45CC = {
						CreatedOnToolsVersion = 6.1.1;
						TestTargetID = 243D63221AB63786007E45CC;
					};
				};
			};
			buildConfigurationList = 243D631E1AB63786007E45CC /* Build configuration list for PBXProject "Pitch Perfect" */;
			compatibilityVersion = "Xcode 3.2";
			developmentRegion = English;
			hasScannedForEncodings = 0;
			knownRegions = (
				en,
				Base,
			);
			mainGroup = 243D631A1AB63786007E45CC;
			productRefGroup = 243D63241AB63786007E45CC /* Products */;
			projectDirPath = "";
			projectRoot = "";
			targets = (
				243D63221AB63786007E45CC /* Pitch Perfect */,
				243D63371AB63787007E45CC /* Pitch PerfectTests */,
			);
		};
/* End PBXProject section */

/* Begin PBXResourcesBuildPhase section */
		243D63211AB63786007E45CC /* Resources */ = {
			isa = PBXResourcesBuildPhase;
			buildActionMask = 2147483647;
			files = (
				243D632E1AB63787007E45CC /* Main.storyboard in Resources */,
				243D63331AB63787007E45CC /* LaunchScreen.xib in Resources */,
				243D63491AB63837007E45CC /* movie_quote.mp3 in Resources */,
				243D63301AB63787007E45CC /* Images.xcassets in Resources */,
			);
			runOnlyForDeploymentPostprocessing = 0;
		};
		243D63361AB63787007E45CC /* Resources */ = {
			isa = PBXResourcesBuildPhase;
			buildActionMask = 2147483647;
			files = (
			);
			runOnlyForDeploymentPostprocessing = 0;
		};
/* End PBXResourcesBuildPhase section */

/* Begin PBXSourcesBuildPhase section */
		243D631F1AB63786007E45CC /* Sources */ = {
			isa = PBXSourcesBuildPhase;
			buildActionMask = 2147483647;
			files = (
				243D634D1AB65C1D007E45CC /* RecordedAudio.swift in Sources */,
				243D632B1AB63786007E45CC /* RecordSoundsViewController.swift in Sources */,
				243D634B1AB646E1007E45CC /* PlaySoundsViewController.swift in Sources */,
				243D63291AB63786007E45CC /* AppDelegate.swift in Sources */,
			);
			runOnlyForDeploymentPostprocessing = 0;
		};
		243D63341AB63787007E45CC /* Sources */ = {
			isa = PBXSourcesBuildPhase;
			buildActionMask = 2147483647;
			files = (
				243D633F1AB63787007E45CC /* Pitch_PerfectTests.swift in Sources */,
			);
			runOnlyForDeploymentPostprocessing = 0;
		};
/* End PBXSourcesBuildPhase section */

/* Begin PBXTargetDependency section */
		243D633A1AB63787007E45CC /* PBXTargetDependency */ = {
			isa = PBXTargetDependency;
			target = 243D63221AB63786007E45CC /* Pitch Perfect */;
			targetProxy = 243D63391AB63787007E45CC /* PBXContainerItemProxy */;
		};
/* End PBXTargetDependency section */

/* Begin PBXVariantGroup section */
		243D632C1AB63787007E45CC /* Main.storyboard */ = {
			isa = PBXVariantGroup;
			children = (
				243D632D1AB63787007E45CC /* Base */,
			);
			name = Main.storyboard;
			sourceTree = "<group>";
		};
		243D63311AB63787007E45CC /* LaunchScreen.xib */ = {
			isa = PBXVariantGroup;
			children = (
				243D63321AB63787007E45CC /* Base */,
			);
			name = LaunchScreen.xib;
			sourceTree = "<group>";
		};
/* End PBXVariantGroup section */

/* Begin XCBuildConfiguration section */
		243D63401AB63787007E45CC /* Debug */ = {
			isa = XCBuildConfiguration;
			buildSettings = {
				ALWAYS_SEARCH_USER_PATHS = NO;
				CLANG_CXX_LANGUAGE_STANDARD = "gnu++0x";
				CLANG_CXX_LIBRARY = "libc++";
				CLANG_ENABLE_MODULES = YES;
				CLANG_ENABLE_OBJC_ARC = YES;
				CLANG_WARN_BOOL_CONVERSION = YES;
				CLANG_WARN_CONSTANT_CONVERSION = YES;
				CLANG_WARN_DIRECT_OBJC_ISA_USAGE = YES_ERROR;
				CLANG_WARN_EMPTY_BODY = YES;
				CLANG_WARN_ENUM_CONVERSION = YES;
				CLANG_WARN_INT_CONVERSION = YES;
				CLANG_WARN_OBJC_ROOT_CLASS = YES_ERROR;
				CLANG_WARN_UNREACHABLE_CODE = YES;
				CLANG_WARN__DUPLICATE_METHOD_MATCH = YES;
				"CODE_SIGN_IDENTITY[sdk=iphoneos*]" = "iPhone Developer";
				COPY_PHASE_STRIP = NO;
				ENABLE_STRICT_OBJC_MSGSEND = YES;
				GCC_C_LANGUAGE_STANDARD = gnu99;
				GCC_DYNAMIC_NO_PIC = NO;
				GCC_OPTIMIZATION_LEVEL = 0;
				GCC_PREPROCESSOR_DEFINITIONS = (
					"DEBUG=1",
					"$(inherited)",
				);
				GCC_SYMBOLS_PRIVATE_EXTERN = NO;
				GCC_WARN_64_TO_32_BIT_CONVERSION = YES;
				GCC_WARN_ABOUT_RETURN_TYPE = YES_ERROR;
				GCC_WARN_UNDECLARED_SELECTOR = YES;
				GCC_WARN_UNINITIALIZED_AUTOS = YES_AGGRESSIVE;
				GCC_WARN_UNUSED_FUNCTION = YES;
				GCC_WARN_UNUSED_VARIABLE = YES;
				IPHONEOS_DEPLOYMENT_TARGET = 8.1;
				MTL_ENABLE_DEBUG_INFO = YES;
				ONLY_ACTIVE_ARCH = YES;
				SDKROOT = iphoneos;
				SWIFT_OPTIMIZATION_LEVEL = "-Onone";
			};
			name = Debug;
		};
		243D63411AB63787007E45CC /* Release */ = {
			isa = XCBuildConfiguration;
			buildSettings = {
				ALWAYS_SEARCH_USER_PATHS = NO;
				CLANG_CXX_LANGUAGE_STANDARD = "gnu++0x";
				CLANG_CXX_LIBRARY = "libc++";
				CLANG_ENABLE_MODULES = YES;
				CLANG_ENABLE_OBJC_ARC = YES;
				CLANG_WARN_BOOL_CONVERSION = YES;
				CLANG_WARN_CONSTANT_CONVERSION = YES;
				CLANG_WARN_DIRECT_OBJC_ISA_USAGE = YES_ERROR;
				CLANG_WARN_EMPTY_BODY = YES;
				CLANG_WARN_ENUM_CONVERSION = YES;
				CLANG_WARN_INT_CONVERSION = YES;
				CLANG_WARN_OBJC_ROOT_CLASS = YES_ERROR;
				CLANG_WARN_UNREACHABLE_CODE = YES;
				CLANG_WARN__DUPLICATE_METHOD_MATCH = YES;
				"CODE_SIGN_IDENTITY[sdk=iphoneos*]" = "iPhone Developer";
				COPY_PHASE_STRIP = YES;
				ENABLE_NS_ASSERTIONS = NO;
				ENABLE_STRICT_OBJC_MSGSEND = YES;
				GCC_C_LANGUAGE_STANDARD = gnu99;
				GCC_WARN_64_TO_32_BIT_CONVERSION = YES;
				GCC_WARN_ABOUT_RETURN_TYPE = YES_ERROR;
				GCC_WARN_UNDECLARED_SELECTOR = YES;
				GCC_WARN_UNINITIALIZED_AUTOS = YES_AGGRESSIVE;
				GCC_WARN_UNUSED_FUNCTION = YES;
				GCC_WARN_UNUSED_VARIABLE = YES;
				IPHONEOS_DEPLOYMENT_TARGET = 8.1;
				MTL_ENABLE_DEBUG_INFO = NO;
				SDKROOT = iphoneos;
				VALIDATE_PRODUCT = YES;
			};
			name = Release;
		};
		243D63431AB63787007E45CC /* Debug */ = {
			isa = XCBuildConfiguration;
			buildSettings = {
				ASSETCATALOG_COMPILER_APPICON_NAME = AppIcon;
				INFOPLIST_FILE = "Pitch Perfect/Info.plist";
				LD_RUNPATH_SEARCH_PATHS = "$(inherited) @executable_path/Frameworks";
				PRODUCT_NAME = "$(TARGET_NAME)";
			};
			name = Debug;
		};
		243D63441AB63787007E45CC /* Release */ = {
			isa = XCBuildConfiguration;
			buildSettings = {
				ASSETCATALOG_COMPILER_APPICON_NAME = AppIcon;
				INFOPLIST_FILE = "Pitch Perfect/Info.plist";
				LD_RUNPATH_SEARCH_PATHS = "$(inherited) @executable_path/Frameworks";
				PRODUCT_NAME = "$(TARGET_NAME)";
			};
			name = Release;
		};
		243D63461AB63787007E45CC /* Debug */ = {
			isa = XCBuildConfiguration;
			buildSettings = {
				BUNDLE_LOADER = "$(TEST_HOST)";
				FRAMEWORK_SEARCH_PATHS = (
					"$(SDKROOT)/Developer/Library/Frameworks",
					"$(inherited)",
				);
				GCC_PREPROCESSOR_DEFINITIONS = (
					"DEBUG=1",
					"$(inherited)",
				);
				INFOPLIST_FILE = "Pitch PerfectTests/Info.plist";
				LD_RUNPATH_SEARCH_PATHS = "$(inherited) @executable_path/Frameworks @loader_path/Frameworks";
				PRODUCT_NAME = "$(TARGET_NAME)";
				TEST_HOST = "$(BUILT_PRODUCTS_DIR)/Pitch Perfect.app/Pitch Perfect";
			};
			name = Debug;
		};
		243D63471AB63787007E45CC /* Release */ = {
			isa = XCBuildConfiguration;
			buildSettings = {
				BUNDLE_LOADER = "$(TEST_HOST)";
				FRAMEWORK_SEARCH_PATHS = (
					"$(SDKROOT)/Developer/Library/Frameworks",
					"$(inherited)",
				);
				INFOPLIST_FILE = "Pitch PerfectTests/Info.plist";
				LD_RUNPATH_SEARCH_PATHS = "$(inherited) @executable_path/Frameworks @loader_path/Frameworks";
				PRODUCT_NAME = "$(TARGET_NAME)";
				TEST_HOST = "$(BUILT_PRODUCTS_DIR)/Pitch Perfect.app/Pitch Perfect";
			};
			name = Release;
		};
/* End XCBuildConfiguration section */

/* Begin XCConfigurationList section */
		243D631E1AB63786007E45CC /* Build configuration list for PBXProject "Pitch Perfect" */ = {
			isa = XCConfigurationList;
			buildConfigurations = (
				243D63401AB63787007E45CC /* Debug */,
				243D63411AB63787007E45CC /* Release */,
			);
			defaultConfigurationIsVisible = 0;
			defaultConfigurationName = Release;
		};
		243D63421AB63787007E45CC /* Build configuration list for PBXNativeTarget "Pitch Perfect" */ = {
			isa = XCConfigurationList;
			buildConfigurations = (
				243D63431AB63787007E45CC /* Debug */,
				243D63441AB63787007E45CC /* Release */,
			);
			defaultConfigurationIsVisible = 0;
		};
		243D63451AB63787007E45CC /* Build configuration list for PBXNativeTarget "Pitch PerfectTests" */ = {
			isa = XCConfigurationList;
			buildConfigurations = (
				243D63461AB63787007E45CC /* Debug */,
				243D63471AB63787007E45CC /* Release */,
			);
			defaultConfigurationIsVisible = 0;
		};
/* End XCConfigurationList section */
	};
	rootObject = 243D631B1AB63786007E45CC /* Project object */;
}
